// !$*UTF8*$!
{
	archiveVersion = 1;
	classes = {
	};
	objectVersion = 46;
	objects = {

/* Begin PBXBuildFile section */
		6709DCE91BF347790089B8CC /* SessionManager.m in Sources */ = {isa = PBXBuildFile; fileRef = 6709DCE81BF347790089B8CC /* SessionManager.m */; };
		6709DCF51BF352A10089B8CC /* Tests.m in Sources */ = {isa = PBXBuildFile; fileRef = 6709DCF41BF352A10089B8CC /* Tests.m */; };
		6714CBE01C108540005A8385 /* UIAlertController+Category.m in Sources */ = {isa = PBXBuildFile; fileRef = 6714CBDF1C108540005A8385 /* UIAlertController+Category.m */; };
		6714CBE41C108548005A8385 /* LoginView.m in Sources */ = {isa = PBXBuildFile; fileRef = 6714CBE31C108548005A8385 /* LoginView.m */; };
		6735DE381C19D495008591CA /* SystemConfiguration.framework in Frameworks */ = {isa = PBXBuildFile; fileRef = 6735DE371C19D495008591CA /* SystemConfiguration.framework */; };
		674719C01BFDF64E00EA5B75 /* FavoriteViewController.m in Sources */ = {isa = PBXBuildFile; fileRef = 674719BF1BFDF64E00EA5B75 /* FavoriteViewController.m */; };
		675BDBF31C2802700016938A /* CoreDataManager.m in Sources */ = {isa = PBXBuildFile; fileRef = 675BDBF21C2802700016938A /* CoreDataManager.m */; };
		675BDBF51C285F990016938A /* CoreData.framework in Frameworks */ = {isa = PBXBuildFile; fileRef = 675BDBF41C285F990016938A /* CoreData.framework */; };
		6762326C1C328BAF00B36727 /* User+CoreDataProperties.m in Sources */ = {isa = PBXBuildFile; fileRef = 676232691C328BAF00B36727 /* User+CoreDataProperties.m */; };
		6762326D1C328BAF00B36727 /* User.m in Sources */ = {isa = PBXBuildFile; fileRef = 6762326B1C328BAF00B36727 /* User.m */; };
		676444401BF2412500967F5A /* AppDelegate.m in Sources */ = {isa = PBXBuildFile; fileRef = 676444301BF2412500967F5A /* AppDelegate.m */; };
		676444411BF2412500967F5A /* LaunchScreen.storyboard in Resources */ = {isa = PBXBuildFile; fileRef = 676444311BF2412500967F5A /* LaunchScreen.storyboard */; };
		676444451BF2412500967F5A /* main.m in Sources */ = {isa = PBXBuildFile; fileRef = 6764443A1BF2412500967F5A /* main.m */; };
		676840181C43E07300ED075A /* Main.storyboard in Resources */ = {isa = PBXBuildFile; fileRef = 676840161C43E07300ED075A /* Main.storyboard */; };
		6774C8E91C2AF9C6000B3F00 /* TrackInfo.m in Sources */ = {isa = PBXBuildFile; fileRef = 6774C8E81C2AF9C6000B3F00 /* TrackInfo.m */; };
		677AA4F11C3183ED005007FD /* ProstoPleerApp.xcdatamodeld in Sources */ = {isa = PBXBuildFile; fileRef = 677AA4EF1C3183ED005007FD /* ProstoPleerApp.xcdatamodeld */; };
		677B2F691C17040D00298947 /* MusicView.m in Sources */ = {isa = PBXBuildFile; fileRef = 677B2F681C17040C00298947 /* MusicView.m */; };
		9E8405042BC2CC79BC0E943C /* libPods.a in Frameworks */ = {isa = PBXBuildFile; fileRef = 805B6B06A735058C4537F79D /* libPods.a */; };
		D71780601BFA67E6005246B3 /* Assets.xcassets in Resources */ = {isa = PBXBuildFile; fileRef = D717805F1BFA67E6005246B3 /* Assets.xcassets */; };
		D73479C01BF8EE2B0024053A /* PPLoginViewController.m in Sources */ = {isa = PBXBuildFile; fileRef = D73479BF1BF8EE2B0024053A /* PPLoginViewController.m */; };
		D79193E61BF9C9AE003690AD /* PPTopSongsListViewController.m in Sources */ = {isa = PBXBuildFile; fileRef = D79193E51BF9C9AE003690AD /* PPTopSongsListViewController.m */; };
		D7A1FDFB1C0588D0009EF802 /* AVFoundation.framework in Frameworks */ = {isa = PBXBuildFile; fileRef = D7A1FDFA1C0588D0009EF802 /* AVFoundation.framework */; };
		D7A1FE011C0591CD009EF802 /* PPMusicViewController.m in Sources */ = {isa = PBXBuildFile; fileRef = D7A1FE001C0591CD009EF802 /* PPMusicViewController.m */; };
		D7A44D1B1BFC5D80007DDF1E /* Localizable.strings in Resources */ = {isa = PBXBuildFile; fileRef = D7A44D1A1BFC5D80007DDF1E /* Localizable.strings */; };
		D7F4BA081C27D27C00BB10B9 /* Track.m in Sources */ = {isa = PBXBuildFile; fileRef = D7F4BA051C27D27C00BB10B9 /* Track.m */; };
		D7F4BA091C27D27C00BB10B9 /* Track+CoreDataProperties.m in Sources */ = {isa = PBXBuildFile; fileRef = D7F4BA071C27D27C00BB10B9 /* Track+CoreDataProperties.m */; };
/* End PBXBuildFile section */

/* Begin PBXContainerItemProxy section */
		6709DCF71BF352A10089B8CC /* PBXContainerItemProxy */ = {
			isa = PBXContainerItemProxy;
			containerPortal = 676444001BF2336B00967F5A /* Project object */;
			proxyType = 1;
			remoteGlobalIDString = 676444071BF2336B00967F5A;
			remoteInfo = ProstoPleerApp;
		};
/* End PBXContainerItemProxy section */

/* Begin PBXFileReference section */
		4D992B9BD2F94DB79AFC356D /* Pods.debug.xcconfig */ = {isa = PBXFileReference; includeInIndex = 1; lastKnownFileType = text.xcconfig; name = Pods.debug.xcconfig; path = "Pods/Target Support Files/Pods/Pods.debug.xcconfig"; sourceTree = "<group>"; };
		6709DCE71BF347790089B8CC /* SessionManager.h */ = {isa = PBXFileReference; fileEncoding = 4; lastKnownFileType = sourcecode.c.h; path = SessionManager.h; sourceTree = "<group>"; };
		6709DCE81BF347790089B8CC /* SessionManager.m */ = {isa = PBXFileReference; fileEncoding = 4; lastKnownFileType = sourcecode.c.objc; path = SessionManager.m; sourceTree = "<group>"; };
		6709DCF21BF352A10089B8CC /* Tests.xctest */ = {isa = PBXFileReference; explicitFileType = wrapper.cfbundle; includeInIndex = 0; path = Tests.xctest; sourceTree = BUILT_PRODUCTS_DIR; };
		6709DCF41BF352A10089B8CC /* Tests.m */ = {isa = PBXFileReference; lastKnownFileType = sourcecode.c.objc; path = Tests.m; sourceTree = "<group>"; };
		6709DCF61BF352A10089B8CC /* Info.plist */ = {isa = PBXFileReference; lastKnownFileType = text.plist.xml; path = Info.plist; sourceTree = "<group>"; };
		6714CBDE1C108540005A8385 /* UIAlertController+Category.h */ = {isa = PBXFileReference; fileEncoding = 4; lastKnownFileType = sourcecode.c.h; path = "UIAlertController+Category.h"; sourceTree = "<group>"; };
		6714CBDF1C108540005A8385 /* UIAlertController+Category.m */ = {isa = PBXFileReference; fileEncoding = 4; lastKnownFileType = sourcecode.c.objc; path = "UIAlertController+Category.m"; sourceTree = "<group>"; };
		6714CBE21C108548005A8385 /* LoginView.h */ = {isa = PBXFileReference; fileEncoding = 4; lastKnownFileType = sourcecode.c.h; path = LoginView.h; sourceTree = "<group>"; };
		6714CBE31C108548005A8385 /* LoginView.m */ = {isa = PBXFileReference; fileEncoding = 4; lastKnownFileType = sourcecode.c.objc; path = LoginView.m; sourceTree = "<group>"; };
		6735DE371C19D495008591CA /* SystemConfiguration.framework */ = {isa = PBXFileReference; lastKnownFileType = wrapper.framework; name = SystemConfiguration.framework; path = System/Library/Frameworks/SystemConfiguration.framework; sourceTree = SDKROOT; };
		674719BE1BFDF64E00EA5B75 /* FavoriteViewController.h */ = {isa = PBXFileReference; fileEncoding = 4; lastKnownFileType = sourcecode.c.h; path = FavoriteViewController.h; sourceTree = "<group>"; };
		674719BF1BFDF64E00EA5B75 /* FavoriteViewController.m */ = {isa = PBXFileReference; fileEncoding = 4; lastKnownFileType = sourcecode.c.objc; path = FavoriteViewController.m; sourceTree = "<group>"; };
		67516BBF1C2C0A0D007282B2 /* ProstoPleerProtocols.h */ = {isa = PBXFileReference; lastKnownFileType = sourcecode.c.h; path = ProstoPleerProtocols.h; sourceTree = "<group>"; };
		675BDBF11C2802700016938A /* CoreDataManager.h */ = {isa = PBXFileReference; fileEncoding = 4; lastKnownFileType = sourcecode.c.h; path = CoreDataManager.h; sourceTree = "<group>"; };
		675BDBF21C2802700016938A /* CoreDataManager.m */ = {isa = PBXFileReference; fileEncoding = 4; lastKnownFileType = sourcecode.c.objc; path = CoreDataManager.m; sourceTree = "<group>"; };
		675BDBF41C285F990016938A /* CoreData.framework */ = {isa = PBXFileReference; lastKnownFileType = wrapper.framework; name = CoreData.framework; path = System/Library/Frameworks/CoreData.framework; sourceTree = SDKROOT; };
		676232681C328BAF00B36727 /* User+CoreDataProperties.h */ = {isa = PBXFileReference; fileEncoding = 4; lastKnownFileType = sourcecode.c.h; path = "User+CoreDataProperties.h"; sourceTree = "<group>"; };
		676232691C328BAF00B36727 /* User+CoreDataProperties.m */ = {isa = PBXFileReference; fileEncoding = 4; lastKnownFileType = sourcecode.c.objc; path = "User+CoreDataProperties.m"; sourceTree = "<group>"; };
		6762326A1C328BAF00B36727 /* User.h */ = {isa = PBXFileReference; fileEncoding = 4; lastKnownFileType = sourcecode.c.h; path = User.h; sourceTree = "<group>"; };
		6762326B1C328BAF00B36727 /* User.m */ = {isa = PBXFileReference; fileEncoding = 4; lastKnownFileType = sourcecode.c.objc; path = User.m; sourceTree = "<group>"; };
		676444081BF2336B00967F5A /* ProstoPleerApp.app */ = {isa = PBXFileReference; explicitFileType = wrapper.application; includeInIndex = 0; path = ProstoPleerApp.app; sourceTree = BUILT_PRODUCTS_DIR; };
		6764442F1BF2412500967F5A /* AppDelegate.h */ = {isa = PBXFileReference; fileEncoding = 4; lastKnownFileType = sourcecode.c.h; path = AppDelegate.h; sourceTree = "<group>"; };
		676444301BF2412500967F5A /* AppDelegate.m */ = {isa = PBXFileReference; fileEncoding = 4; lastKnownFileType = sourcecode.c.objc; path = AppDelegate.m; sourceTree = "<group>"; };
		676444321BF2412500967F5A /* Base */ = {isa = PBXFileReference; lastKnownFileType = file.storyboard; name = Base; path = Base.lproj/LaunchScreen.storyboard; sourceTree = "<group>"; };
		676444391BF2412500967F5A /* Info.plist */ = {isa = PBXFileReference; fileEncoding = 4; lastKnownFileType = text.plist.xml; path = Info.plist; sourceTree = "<group>"; };
		6764443A1BF2412500967F5A /* main.m */ = {isa = PBXFileReference; fileEncoding = 4; lastKnownFileType = sourcecode.c.objc; path = main.m; sourceTree = "<group>"; };
		676840171C43E07300ED075A /* Base */ = {isa = PBXFileReference; lastKnownFileType = file.storyboard; name = Base; path = Base.lproj/Main.storyboard; sourceTree = "<group>"; };
		6774C8E71C2AF9C6000B3F00 /* TrackInfo.h */ = {isa = PBXFileReference; fileEncoding = 4; lastKnownFileType = sourcecode.c.h; path = TrackInfo.h; sourceTree = "<group>"; };
		6774C8E81C2AF9C6000B3F00 /* TrackInfo.m */ = {isa = PBXFileReference; fileEncoding = 4; lastKnownFileType = sourcecode.c.objc; path = TrackInfo.m; sourceTree = "<group>"; };
		677AA4F01C3183ED005007FD /* ProstoPleerApp.xcdatamodel */ = {isa = PBXFileReference; lastKnownFileType = wrapper.xcdatamodel; path = ProstoPleerApp.xcdatamodel; sourceTree = "<group>"; };
		677B2F671C17040C00298947 /* MusicView.h */ = {isa = PBXFileReference; fileEncoding = 4; lastKnownFileType = sourcecode.c.h; path = MusicView.h; sourceTree = "<group>"; };
		677B2F681C17040C00298947 /* MusicView.m */ = {isa = PBXFileReference; fileEncoding = 4; lastKnownFileType = sourcecode.c.objc; path = MusicView.m; sourceTree = "<group>"; };
		6EF7B4F42A59AACC8BA4D5F8 /* Pods.release.xcconfig */ = {isa = PBXFileReference; includeInIndex = 1; lastKnownFileType = text.xcconfig; name = Pods.release.xcconfig; path = "Pods/Target Support Files/Pods/Pods.release.xcconfig"; sourceTree = "<group>"; };
		805B6B06A735058C4537F79D /* libPods.a */ = {isa = PBXFileReference; explicitFileType = archive.ar; includeInIndex = 0; path = libPods.a; sourceTree = BUILT_PRODUCTS_DIR; };
		D717805F1BFA67E6005246B3 /* Assets.xcassets */ = {isa = PBXFileReference; lastKnownFileType = folder.assetcatalog; path = Assets.xcassets; sourceTree = "<group>"; };
		D73479BE1BF8EE2B0024053A /* PPLoginViewController.h */ = {isa = PBXFileReference; fileEncoding = 4; lastKnownFileType = sourcecode.c.h; path = PPLoginViewController.h; sourceTree = "<group>"; };
		D73479BF1BF8EE2B0024053A /* PPLoginViewController.m */ = {isa = PBXFileReference; fileEncoding = 4; lastKnownFileType = sourcecode.c.objc; path = PPLoginViewController.m; sourceTree = "<group>"; };
		D79193E41BF9C9AE003690AD /* PPTopSongsListViewController.h */ = {isa = PBXFileReference; fileEncoding = 4; lastKnownFileType = sourcecode.c.h; path = PPTopSongsListViewController.h; sourceTree = "<group>"; };
		D79193E51BF9C9AE003690AD /* PPTopSongsListViewController.m */ = {isa = PBXFileReference; fileEncoding = 4; lastKnownFileType = sourcecode.c.objc; path = PPTopSongsListViewController.m; sourceTree = "<group>"; };
		D7A1FDFA1C0588D0009EF802 /* AVFoundation.framework */ = {isa = PBXFileReference; lastKnownFileType = wrapper.framework; name = AVFoundation.framework; path = System/Library/Frameworks/AVFoundation.framework; sourceTree = SDKROOT; };
		D7A1FDFF1C0591CD009EF802 /* PPMusicViewController.h */ = {isa = PBXFileReference; fileEncoding = 4; lastKnownFileType = sourcecode.c.h; path = PPMusicViewController.h; sourceTree = "<group>"; };
		D7A1FE001C0591CD009EF802 /* PPMusicViewController.m */ = {isa = PBXFileReference; fileEncoding = 4; lastKnownFileType = sourcecode.c.objc; path = PPMusicViewController.m; sourceTree = "<group>"; };
		D7A44D1A1BFC5D80007DDF1E /* Localizable.strings */ = {isa = PBXFileReference; fileEncoding = 4; lastKnownFileType = text.plist.strings; path = Localizable.strings; sourceTree = "<group>"; };
		D7F4BA041C27D27C00BB10B9 /* Track.h */ = {isa = PBXFileReference; fileEncoding = 4; lastKnownFileType = sourcecode.c.h; path = Track.h; sourceTree = "<group>"; };
		D7F4BA051C27D27C00BB10B9 /* Track.m */ = {isa = PBXFileReference; fileEncoding = 4; lastKnownFileType = sourcecode.c.objc; path = Track.m; sourceTree = "<group>"; };
		D7F4BA061C27D27C00BB10B9 /* Track+CoreDataProperties.h */ = {isa = PBXFileReference; fileEncoding = 4; lastKnownFileType = sourcecode.c.h; path = "Track+CoreDataProperties.h"; sourceTree = "<group>"; };
		D7F4BA071C27D27C00BB10B9 /* Track+CoreDataProperties.m */ = {isa = PBXFileReference; fileEncoding = 4; lastKnownFileType = sourcecode.c.objc; path = "Track+CoreDataProperties.m"; sourceTree = "<group>"; };
/* End PBXFileReference section */

/* Begin PBXFrameworksBuildPhase section */
		6709DCEF1BF352A10089B8CC /* Frameworks */ = {
			isa = PBXFrameworksBuildPhase;
			buildActionMask = 2147483647;
			files = (
			);
			runOnlyForDeploymentPostprocessing = 0;
		};
		676444051BF2336B00967F5A /* Frameworks */ = {
			isa = PBXFrameworksBuildPhase;
			buildActionMask = 2147483647;
			files = (
				675BDBF51C285F990016938A /* CoreData.framework in Frameworks */,
				6735DE381C19D495008591CA /* SystemConfiguration.framework in Frameworks */,
				D7A1FDFB1C0588D0009EF802 /* AVFoundation.framework in Frameworks */,
				9E8405042BC2CC79BC0E943C /* libPods.a in Frameworks */,
			);
			runOnlyForDeploymentPostprocessing = 0;
		};
/* End PBXFrameworksBuildPhase section */

/* Begin PBXGroup section */
		31AD3D236614CD29CCEF39D9 /* Frameworks */ = {
			isa = PBXGroup;
			children = (
				675BDBF41C285F990016938A /* CoreData.framework */,
				6735DE371C19D495008591CA /* SystemConfiguration.framework */,
				D7A1FDFA1C0588D0009EF802 /* AVFoundation.framework */,
				805B6B06A735058C4537F79D /* libPods.a */,
			);
			name = Frameworks;
			sourceTree = "<group>";
		};
		6709DCE61BF347670089B8CC /* Models */ = {
			isa = PBXGroup;
			children = (
				675BDBF11C2802700016938A /* CoreDataManager.h */,
				675BDBF21C2802700016938A /* CoreDataManager.m */,
				67516BBF1C2C0A0D007282B2 /* ProstoPleerProtocols.h */,
				6709DCE71BF347790089B8CC /* SessionManager.h */,
				6709DCE81BF347790089B8CC /* SessionManager.m */,
				D7F4BA041C27D27C00BB10B9 /* Track.h */,
				D7F4BA051C27D27C00BB10B9 /* Track.m */,
				D7F4BA061C27D27C00BB10B9 /* Track+CoreDataProperties.h */,
				D7F4BA071C27D27C00BB10B9 /* Track+CoreDataProperties.m */,
				6774C8E71C2AF9C6000B3F00 /* TrackInfo.h */,
				6774C8E81C2AF9C6000B3F00 /* TrackInfo.m */,
				6762326A1C328BAF00B36727 /* User.h */,
				6762326B1C328BAF00B36727 /* User.m */,
				676232681C328BAF00B36727 /* User+CoreDataProperties.h */,
				676232691C328BAF00B36727 /* User+CoreDataProperties.m */,
			);
			path = Models;
			sourceTree = SOURCE_ROOT;
		};
		6709DCF31BF352A10089B8CC /* Tests */ = {
			isa = PBXGroup;
			children = (
				6709DCF41BF352A10089B8CC /* Tests.m */,
				6709DCF61BF352A10089B8CC /* Info.plist */,
			);
			path = Tests;
			sourceTree = "<group>";
		};
		6714CBDD1C108540005A8385 /* Utility */ = {
			isa = PBXGroup;
			children = (
				6714CBDE1C108540005A8385 /* UIAlertController+Category.h */,
				6714CBDF1C108540005A8385 /* UIAlertController+Category.m */,
			);
			path = Utility;
			sourceTree = "<group>";
		};
		6714CBE11C108548005A8385 /* View */ = {
			isa = PBXGroup;
			children = (
				6714CBE21C108548005A8385 /* LoginView.h */,
				6714CBE31C108548005A8385 /* LoginView.m */,
				677B2F671C17040C00298947 /* MusicView.h */,
				677B2F681C17040C00298947 /* MusicView.m */,
			);
			path = View;
			sourceTree = "<group>";
		};
		676443FF1BF2336B00967F5A = {
			isa = PBXGroup;
			children = (
				6764442E1BF2412500967F5A /* CHIProstoPleer */,
				31AD3D236614CD29CCEF39D9 /* Frameworks */,
				9F06CA1500AF558C84213481 /* Pods */,
				676444091BF2336B00967F5A /* Products */,
				6709DCF31BF352A10089B8CC /* Tests */,
			);
			sourceTree = "<group>";
		};
		676444091BF2336B00967F5A /* Products */ = {
			isa = PBXGroup;
			children = (
				676444081BF2336B00967F5A /* ProstoPleerApp.app */,
				6709DCF21BF352A10089B8CC /* Tests.xctest */,
			);
			name = Products;
			sourceTree = "<group>";
		};
		6764442E1BF2412500967F5A /* CHIProstoPleer */ = {
			isa = PBXGroup;
			children = (
				6764442F1BF2412500967F5A /* AppDelegate.h */,
				676444301BF2412500967F5A /* AppDelegate.m */,
				676444351BF2412500967F5A /* Controllers */,
				676444381BF2412500967F5A /* Helpers */,
				676444391BF2412500967F5A /* Info.plist */,
				676444311BF2412500967F5A /* LaunchScreen.storyboard */,
				676840161C43E07300ED075A /* Main.storyboard */,
				D7A44D1A1BFC5D80007DDF1E /* Localizable.strings */,
				6764443A1BF2412500967F5A /* main.m */,
				6709DCE61BF347670089B8CC /* Models */,
				6764443C1BF2412500967F5A /* Resource */,
				6714CBDD1C108540005A8385 /* Utility */,
				6714CBE11C108548005A8385 /* View */,
			);
			name = CHIProstoPleer;
			sourceTree = "<group>";
		};
		676444351BF2412500967F5A /* Controllers */ = {
			isa = PBXGroup;
			children = (
				674719BE1BFDF64E00EA5B75 /* FavoriteViewController.h */,
				674719BF1BFDF64E00EA5B75 /* FavoriteViewController.m */,
				D73479BE1BF8EE2B0024053A /* PPLoginViewController.h */,
				D73479BF1BF8EE2B0024053A /* PPLoginViewController.m */,
				D7A1FDFF1C0591CD009EF802 /* PPMusicViewController.h */,
				D7A1FE001C0591CD009EF802 /* PPMusicViewController.m */,
				D79193E41BF9C9AE003690AD /* PPTopSongsListViewController.h */,
				D79193E51BF9C9AE003690AD /* PPTopSongsListViewController.m */,
			);
			path = Controllers;
			sourceTree = "<group>";
		};
		676444381BF2412500967F5A /* Helpers */ = {
			isa = PBXGroup;
			children = (
			);
			path = Helpers;
			sourceTree = "<group>";
		};
		6764443C1BF2412500967F5A /* Resource */ = {
			isa = PBXGroup;
			children = (
				677AA4EF1C3183ED005007FD /* ProstoPleerApp.xcdatamodeld */,
				D717805F1BFA67E6005246B3 /* Assets.xcassets */,
			);
			path = Resource;
			sourceTree = "<group>";
		};
		9F06CA1500AF558C84213481 /* Pods */ = {
			isa = PBXGroup;
			children = (
				4D992B9BD2F94DB79AFC356D /* Pods.debug.xcconfig */,
				6EF7B4F42A59AACC8BA4D5F8 /* Pods.release.xcconfig */,
			);
			name = Pods;
			sourceTree = "<group>";
		};
/* End PBXGroup section */

/* Begin PBXNativeTarget section */
		6709DCF11BF352A10089B8CC /* Tests */ = {
			isa = PBXNativeTarget;
			buildConfigurationList = 6709DCF91BF352A10089B8CC /* Build configuration list for PBXNativeTarget "Tests" */;
			buildPhases = (
				6709DCEE1BF352A10089B8CC /* Sources */,
				6709DCEF1BF352A10089B8CC /* Frameworks */,
				6709DCF01BF352A10089B8CC /* Resources */,
			);
			buildRules = (
			);
			dependencies = (
				6709DCF81BF352A10089B8CC /* PBXTargetDependency */,
			);
			name = Tests;
			productName = Tests;
			productReference = 6709DCF21BF352A10089B8CC /* Tests.xctest */;
			productType = "com.apple.product-type.bundle.unit-test";
		};
		676444071BF2336B00967F5A /* ProstoPleerApp */ = {
			isa = PBXNativeTarget;
			buildConfigurationList = 6764441F1BF2336B00967F5A /* Build configuration list for PBXNativeTarget "ProstoPleerApp" */;
			buildPhases = (
				3C1C507D1A7124B11C4C68E7 /* Check Pods Manifest.lock */,
				676444041BF2336B00967F5A /* Sources */,
				676444051BF2336B00967F5A /* Frameworks */,
				676444061BF2336B00967F5A /* Resources */,
				F5B5FE3F27635260E1D625C4 /* Embed Pods Frameworks */,
				69CE76504CA8BD32FC0E430D /* Copy Pods Resources */,
			);
			buildRules = (
			);
			dependencies = (
			);
			name = ProstoPleerApp;
			productName = ProstoPleerApp;
			productReference = 676444081BF2336B00967F5A /* ProstoPleerApp.app */;
			productType = "com.apple.product-type.application";
		};
/* End PBXNativeTarget section */

/* Begin PBXProject section */
		676444001BF2336B00967F5A /* Project object */ = {
			isa = PBXProject;
			attributes = {
				LastUpgradeCheck = 0720;
				ORGANIZATIONNAME = "CHI Software";
				TargetAttributes = {
					6709DCF11BF352A10089B8CC = {
						CreatedOnToolsVersion = 7.0.1;
						TestTargetID = 676444071BF2336B00967F5A;
					};
					676444071BF2336B00967F5A = {
						CreatedOnToolsVersion = 7.0.1;
					};
				};
			};
			buildConfigurationList = 676444031BF2336B00967F5A /* Build configuration list for PBXProject "ProstoPleerApp" */;
			compatibilityVersion = "Xcode 3.2";
			developmentRegion = English;
			hasScannedForEncodings = 0;
			knownRegions = (
				en,
				Base,
			);
			mainGroup = 676443FF1BF2336B00967F5A;
			productRefGroup = 676444091BF2336B00967F5A /* Products */;
			projectDirPath = "";
			projectRoot = "";
			targets = (
				676444071BF2336B00967F5A /* ProstoPleerApp */,
				6709DCF11BF352A10089B8CC /* Tests */,
			);
		};
/* End PBXProject section */

/* Begin PBXResourcesBuildPhase section */
		6709DCF01BF352A10089B8CC /* Resources */ = {
			isa = PBXResourcesBuildPhase;
			buildActionMask = 2147483647;
			files = (
			);
			runOnlyForDeploymentPostprocessing = 0;
		};
		676444061BF2336B00967F5A /* Resources */ = {
			isa = PBXResourcesBuildPhase;
			buildActionMask = 2147483647;
			files = (
				D7A44D1B1BFC5D80007DDF1E /* Localizable.strings in Resources */,
				D71780601BFA67E6005246B3 /* Assets.xcassets in Resources */,
				676444411BF2412500967F5A /* LaunchScreen.storyboard in Resources */,
				676840181C43E07300ED075A /* Main.storyboard in Resources */,
			);
			runOnlyForDeploymentPostprocessing = 0;
		};
/* End PBXResourcesBuildPhase section */

/* Begin PBXShellScriptBuildPhase section */
		3C1C507D1A7124B11C4C68E7 /* Check Pods Manifest.lock */ = {
			isa = PBXShellScriptBuildPhase;
			buildActionMask = 2147483647;
			files = (
			);
			inputPaths = (
			);
			name = "Check Pods Manifest.lock";
			outputPaths = (
			);
			runOnlyForDeploymentPostprocessing = 0;
			shellPath = /bin/sh;
			shellScript = "diff \"${PODS_ROOT}/../Podfile.lock\" \"${PODS_ROOT}/Manifest.lock\" > /dev/null\nif [[ $? != 0 ]] ; then\n    cat << EOM\nerror: The sandbox is not in sync with the Podfile.lock. Run 'pod install' or update your CocoaPods installation.\nEOM\n    exit 1\nfi\n";
			showEnvVarsInLog = 0;
		};
		69CE76504CA8BD32FC0E430D /* Copy Pods Resources */ = {
			isa = PBXShellScriptBuildPhase;
			buildActionMask = 2147483647;
			files = (
			);
			inputPaths = (
			);
			name = "Copy Pods Resources";
			outputPaths = (
			);
			runOnlyForDeploymentPostprocessing = 0;
			shellPath = /bin/sh;
			shellScript = "\"${SRCROOT}/Pods/Target Support Files/Pods/Pods-resources.sh\"\n";
			showEnvVarsInLog = 0;
		};
		F5B5FE3F27635260E1D625C4 /* Embed Pods Frameworks */ = {
			isa = PBXShellScriptBuildPhase;
			buildActionMask = 2147483647;
			files = (
			);
			inputPaths = (
			);
			name = "Embed Pods Frameworks";
			outputPaths = (
			);
			runOnlyForDeploymentPostprocessing = 0;
			shellPath = /bin/sh;
			shellScript = "\"${SRCROOT}/Pods/Target Support Files/Pods/Pods-frameworks.sh\"\n";
			showEnvVarsInLog = 0;
		};
/* End PBXShellScriptBuildPhase section */

/* Begin PBXSourcesBuildPhase section */
		6709DCEE1BF352A10089B8CC /* Sources */ = {
			isa = PBXSourcesBuildPhase;
			buildActionMask = 2147483647;
			files = (
				6709DCF51BF352A10089B8CC /* Tests.m in Sources */,
			);
			runOnlyForDeploymentPostprocessing = 0;
		};
		676444041BF2336B00967F5A /* Sources */ = {
			isa = PBXSourcesBuildPhase;
			buildActionMask = 2147483647;
			files = (
				674719C01BFDF64E00EA5B75 /* FavoriteViewController.m in Sources */,
				676444401BF2412500967F5A /* AppDelegate.m in Sources */,
				D7A1FE011C0591CD009EF802 /* PPMusicViewController.m in Sources */,
				D7F4BA081C27D27C00BB10B9 /* Track.m in Sources */,
				6762326D1C328BAF00B36727 /* User.m in Sources */,
				D7F4BA091C27D27C00BB10B9 /* Track+CoreDataProperties.m in Sources */,
				677B2F691C17040D00298947 /* MusicView.m in Sources */,
				6774C8E91C2AF9C6000B3F00 /* TrackInfo.m in Sources */,
				676444451BF2412500967F5A /* main.m in Sources */,
				D73479C01BF8EE2B0024053A /* PPLoginViewController.m in Sources */,
				677AA4F11C3183ED005007FD /* ProstoPleerApp.xcdatamodeld in Sources */,
				D79193E61BF9C9AE003690AD /* PPTopSongsListViewController.m in Sources */,
				6714CBE01C108540005A8385 /* UIAlertController+Category.m in Sources */,
				6709DCE91BF347790089B8CC /* SessionManager.m in Sources */,
				675BDBF31C2802700016938A /* CoreDataManager.m in Sources */,
				6762326C1C328BAF00B36727 /* User+CoreDataProperties.m in Sources */,
				6714CBE41C108548005A8385 /* LoginView.m in Sources */,
			);
			runOnlyForDeploymentPostprocessing = 0;
		};
/* End PBXSourcesBuildPhase section */

/* Begin PBXTargetDependency section */
		6709DCF81BF352A10089B8CC /* PBXTargetDependency */ = {
			isa = PBXTargetDependency;
			target = 676444071BF2336B00967F5A /* ProstoPleerApp */;
			targetProxy = 6709DCF71BF352A10089B8CC /* PBXContainerItemProxy */;
		};
/* End PBXTargetDependency section */

/* Begin PBXVariantGroup section */
		676444311BF2412500967F5A /* LaunchScreen.storyboard */ = {
			isa = PBXVariantGroup;
			children = (
				676444321BF2412500967F5A /* Base */,
			);
			name = LaunchScreen.storyboard;
			sourceTree = "<group>";
		};
		676840161C43E07300ED075A /* Main.storyboard */ = {
			isa = PBXVariantGroup;
			children = (
				676840171C43E07300ED075A /* Base */,
			);
			name = Main.storyboard;
			sourceTree = "<group>";
		};
/* End PBXVariantGroup section */

/* Begin XCBuildConfiguration section */
		6709DCFA1BF352A10089B8CC /* Debug */ = {
			isa = XCBuildConfiguration;
			buildSettings = {
				BUNDLE_LOADER = "$(TEST_HOST)";
				INFOPLIST_FILE = Tests/Info.plist;
				LD_RUNPATH_SEARCH_PATHS = "$(inherited) @executable_path/Frameworks @loader_path/Frameworks";
				PRODUCT_BUNDLE_IDENTIFIER = CHI.Tests;
				PRODUCT_NAME = "$(TARGET_NAME)";
				TEST_HOST = "$(BUILT_PRODUCTS_DIR)/ProstoPleerApp.app/ProstoPleerApp";
			};
			name = Debug;
		};
		6709DCFB1BF352A10089B8CC /* Release */ = {
			isa = XCBuildConfiguration;
			buildSettings = {
				BUNDLE_LOADER = "$(TEST_HOST)";
				INFOPLIST_FILE = Tests/Info.plist;
				LD_RUNPATH_SEARCH_PATHS = "$(inherited) @executable_path/Frameworks @loader_path/Frameworks";
				PRODUCT_BUNDLE_IDENTIFIER = CHI.Tests;
				PRODUCT_NAME = "$(TARGET_NAME)";
				TEST_HOST = "$(BUILT_PRODUCTS_DIR)/ProstoPleerApp.app/ProstoPleerApp";
			};
			name = Release;
		};
		6764441D1BF2336B00967F5A /* Debug */ = {
			isa = XCBuildConfiguration;
			buildSettings = {
				ALWAYS_SEARCH_USER_PATHS = NO;
				CLANG_CXX_LANGUAGE_STANDARD = "gnu++0x";
				CLANG_CXX_LIBRARY = "libc++";
				CLANG_ENABLE_MODULES = YES;
				CLANG_ENABLE_OBJC_ARC = YES;
				CLANG_WARN_BOOL_CONVERSION = YES;
				CLANG_WARN_CONSTANT_CONVERSION = YES;
				CLANG_WARN_DIRECT_OBJC_ISA_USAGE = YES_ERROR;
				CLANG_WARN_EMPTY_BODY = YES;
				CLANG_WARN_ENUM_CONVERSION = YES;
				CLANG_WARN_INT_CONVERSION = YES;
				CLANG_WARN_OBJC_ROOT_CLASS = YES_ERROR;
				CLANG_WARN_UNREACHABLE_CODE = YES;
				CLANG_WARN__DUPLICATE_METHOD_MATCH = YES;
				"CODE_SIGN_IDENTITY[sdk=iphoneos*]" = "iPhone Developer";
				COPY_PHASE_STRIP = NO;
				DEBUG_INFORMATION_FORMAT = dwarf;
				ENABLE_STRICT_OBJC_MSGSEND = YES;
				ENABLE_TESTABILITY = YES;
				GCC_C_LANGUAGE_STANDARD = gnu99;
				GCC_DYNAMIC_NO_PIC = NO;
				GCC_NO_COMMON_BLOCKS = YES;
				GCC_OPTIMIZATION_LEVEL = 0;
				GCC_PREPROCESSOR_DEFINITIONS = (
					"DEBUG=1",
					"$(inherited)",
				);
				GCC_WARN_64_TO_32_BIT_CONVERSION = YES;
				GCC_WARN_ABOUT_RETURN_TYPE = YES_ERROR;
				GCC_WARN_UNDECLARED_SELECTOR = YES;
				GCC_WARN_UNINITIALIZED_AUTOS = YES_AGGRESSIVE;
				GCC_WARN_UNUSED_FUNCTION = YES;
				GCC_WARN_UNUSED_VARIABLE = YES;
				IPHONEOS_DEPLOYMENT_TARGET = 9.0;
				MTL_ENABLE_DEBUG_INFO = YES;
				ONLY_ACTIVE_ARCH = YES;
				SDKROOT = iphoneos;
				TARGETED_DEVICE_FAMILY = "1,2";
			};
			name = Debug;
		};
		6764441E1BF2336B00967F5A /* Release */ = {
			isa = XCBuildConfiguration;
			buildSettings = {
				ALWAYS_SEARCH_USER_PATHS = NO;
				CLANG_CXX_LANGUAGE_STANDARD = "gnu++0x";
				CLANG_CXX_LIBRARY = "libc++";
				CLANG_ENABLE_MODULES = YES;
				CLANG_ENABLE_OBJC_ARC = YES;
				CLANG_WARN_BOOL_CONVERSION = YES;
				CLANG_WARN_CONSTANT_CONVERSION = YES;
				CLANG_WARN_DIRECT_OBJC_ISA_USAGE = YES_ERROR;
				CLANG_WARN_EMPTY_BODY = YES;
				CLANG_WARN_ENUM_CONVERSION = YES;
				CLANG_WARN_INT_CONVERSION = YES;
				CLANG_WARN_OBJC_ROOT_CLASS = YES_ERROR;
				CLANG_WARN_UNREACHABLE_CODE = YES;
				CLANG_WARN__DUPLICATE_METHOD_MATCH = YES;
				"CODE_SIGN_IDENTITY[sdk=iphoneos*]" = "iPhone Developer";
				COPY_PHASE_STRIP = NO;
				DEBUG_INFORMATION_FORMAT = "dwarf-with-dsym";
				ENABLE_NS_ASSERTIONS = NO;
				ENABLE_STRICT_OBJC_MSGSEND = YES;
				GCC_C_LANGUAGE_STANDARD = gnu99;
				GCC_NO_COMMON_BLOCKS = YES;
				GCC_WARN_64_TO_32_BIT_CONVERSION = YES;
				GCC_WARN_ABOUT_RETURN_TYPE = YES_ERROR;
				GCC_WARN_UNDECLARED_SELECTOR = YES;
				GCC_WARN_UNINITIALIZED_AUTOS = YES_AGGRESSIVE;
				GCC_WARN_UNUSED_FUNCTION = YES;
				GCC_WARN_UNUSED_VARIABLE = YES;
				IPHONEOS_DEPLOYMENT_TARGET = 9.0;
				MTL_ENABLE_DEBUG_INFO = NO;
				SDKROOT = iphoneos;
				TARGETED_DEVICE_FAMILY = "1,2";
				VALIDATE_PRODUCT = YES;
			};
			name = Release;
		};
		676444201BF2336B00967F5A /* Debug */ = {
			isa = XCBuildConfiguration;
			baseConfigurationReference = 4D992B9BD2F94DB79AFC356D /* Pods.debug.xcconfig */;
			buildSettings = {
				ASSETCATALOG_COMPILER_APPICON_NAME = AppIcon;
				INFOPLIST_FILE = Info.plist;
				IPHONEOS_DEPLOYMENT_TARGET = 9.0;
				LD_RUNPATH_SEARCH_PATHS = "$(inherited) @executable_path/Frameworks";
				PRODUCT_BUNDLE_IDENTIFIER = CHI.ProstoPleerApp;
				PRODUCT_NAME = "$(TARGET_NAME)";
				TARGETED_DEVICE_FAMILY = 1;
			};
			name = Debug;
		};
		676444211BF2336B00967F5A /* Release */ = {
			isa = XCBuildConfiguration;
			baseConfigurationReference = 6EF7B4F42A59AACC8BA4D5F8 /* Pods.release.xcconfig */;
			buildSettings = {
				ASSETCATALOG_COMPILER_APPICON_NAME = AppIcon;
				INFOPLIST_FILE = Info.plist;
				IPHONEOS_DEPLOYMENT_TARGET = 9.0;
				LD_RUNPATH_SEARCH_PATHS = "$(inherited) @executable_path/Frameworks";
				PRODUCT_BUNDLE_IDENTIFIER = CHI.ProstoPleerApp;
				PRODUCT_NAME = "$(TARGET_NAME)";
				TARGETED_DEVICE_FAMILY = 1;
			};
			name = Release;
		};
/* End XCBuildConfiguration section */

/* Begin XCConfigurationList section */
		6709DCF91BF352A10089B8CC /* Build configuration list for PBXNativeTarget "Tests" */ = {
			isa = XCConfigurationList;
			buildConfigurations = (
				6709DCFA1BF352A10089B8CC /* Debug */,
				6709DCFB1BF352A10089B8CC /* Release */,
			);
			defaultConfigurationIsVisible = 0;
			defaultConfigurationName = Release;
		};
		676444031BF2336B00967F5A /* Build configuration list for PBXProject "ProstoPleerApp" */ = {
			isa = XCConfigurationList;
			buildConfigurations = (
				6764441D1BF2336B00967F5A /* Debug */,
				6764441E1BF2336B00967F5A /* Release */,
			);
			defaultConfigurationIsVisible = 0;
			defaultConfigurationName = Release;
		};
		6764441F1BF2336B00967F5A /* Build configuration list for PBXNativeTarget "ProstoPleerApp" */ = {
			isa = XCConfigurationList;
			buildConfigurations = (
				676444201BF2336B00967F5A /* Debug */,
				676444211BF2336B00967F5A /* Release */,
			);
			defaultConfigurationIsVisible = 0;
			defaultConfigurationName = Release;
		};
/* End XCConfigurationList section */

/* Begin XCVersionGroup section */
		677AA4EF1C3183ED005007FD /* ProstoPleerApp.xcdatamodeld */ = {
			isa = XCVersionGroup;
			children = (
				677AA4F01C3183ED005007FD /* ProstoPleerApp.xcdatamodel */,
			);
			currentVersion = 677AA4F01C3183ED005007FD /* ProstoPleerApp.xcdatamodel */;
			path = ProstoPleerApp.xcdatamodeld;
			sourceTree = "<group>";
			versionGroupType = wrapper.xcdatamodel;
		};
/* End XCVersionGroup section */
	};
	rootObject = 676444001BF2336B00967F5A /* Project object */;
}
